
Microsoft Visual Studio Solution File, Format Version 12.00
# Visual Studio Version 17
VisualStudioVersion = 17.9.34728.123
MinimumVisualStudioVersion = 10.0.40219.1
Project("{FAE04EC0-301F-11D3-BF4B-00C04F79EFBC}") = "09-API", "09-API\09-API.csproj", "{C77E028C-730E-4BE2-B465-1557A6B9231B}"
EndProject
Global
	GlobalSection(SolutionConfigurationPlatforms) = preSolution
		Debug|Any CPU = Debug|Any CPU
		Release|Any CPU = Release|Any CPU
	EndGlobalSection
	GlobalSection(ProjectConfigurationPlatforms) = postSolution
		{C77E028C-730E-4BE2-B465-1557A6B9231B}.Debug|Any CPU.ActiveCfg = Debug|Any CPU
		{C77E028C-730E-4BE2-B465-1557A6B9231B}.Debug|Any CPU.Build.0 = Debug|Any CPU
		{C77E028C-730E-4BE2-B465-1557A6B9231B}.Release|Any CPU.ActiveCfg = Release|Any CPU
		{C77E028C-730E-4BE2-B465-1557A6B9231B}.Release|Any CPU.Build.0 = Release|Any CPU
	EndGlobalSection
	GlobalSection(SolutionProperties) = preSolution
		HideSolutionNode = FALSE
	EndGlobalSection
	GlobalSection(ExtensibilityGlobals) = postSolution
		SolutionGuid = {6B52D2E1-714C-4844-9D6D-F5D65A1D16C9}
	EndGlobalSection
EndGlobal
